<?xml version="1.0" encoding="utf-8"?>
<Project ToolsVersion="4.0" xmlns="http://schemas.microsoft.com/developer/msbuild/2003">
  <ItemGroup>
    <Filter Include="ソース ファイル">
      <UniqueIdentifier>{4FC737F1-C7A5-4376-A066-2A32D752A2FF}</UniqueIdentifier>
      <Extensions>cpp;c;cc;cxx;c++;cppm;ixx;def;odl;idl;hpj;bat;asm;asmx</Extensions>
    </Filter>
    <Filter Include="ヘッダー ファイル">
      <UniqueIdentifier>{93995380-89BD-4b04-88EB-625FBE52EBFB}</UniqueIdentifier>
      <Extensions>h;hh;hpp;hxx;h++;hm;inl;inc;ipp;xsd</Extensions>
    </Filter>
    <Filter Include="リソース ファイル">
      <UniqueIdentifier>{67DA6AB6-F800-4c08-8B7A-83BB121AAD01}</UniqueIdentifier>
      <Extensions>rc;ico;cur;bmp;dlg;rc2;rct;bin;rgs;gif;jpg;jpeg;jpe;resx;tiff;tif;png;wav;mfcribbon-ms</Extensions>
    </Filter>
    <Filter Include="Shader">
      <UniqueIdentifier>{62b34166-6d1e-4731-a82e-2052c3aacf7a}</UniqueIdentifier>
    </Filter>
    <Filter Include="imgui">
      <UniqueIdentifier>{8585f2e6-20ff-46aa-92e5-0921a7ed643e}</UniqueIdentifier>
    </Filter>
    <Filter Include="mySource">
      <UniqueIdentifier>{dd411666-8278-4864-8f35-f2a7c770a038}</UniqueIdentifier>
    </Filter>
    <Filter Include="mySource\Sphere">
      <UniqueIdentifier>{be017e9a-89cd-4a6c-b2fd-b1547098472b}</UniqueIdentifier>
    </Filter>
    <Filter Include="mySource\Affine">
      <UniqueIdentifier>{837e9f71-7e9c-4aba-8ee4-e4a33ead2874}</UniqueIdentifier>
    </Filter>
    <Filter Include="mySource\Window">
      <UniqueIdentifier>{d832c6c2-4566-4623-a353-26a0acd3445a}</UniqueIdentifier>
    </Filter>
    <Filter Include="mySource\Sound">
      <UniqueIdentifier>{2f749b2c-cac3-482a-b54f-e7d2bab3cf3b}</UniqueIdentifier>
    </Filter>
    <Filter Include="mySource\Input">
      <UniqueIdentifier>{ffb8b074-5a38-4d82-9639-f3f2e3f4bb0b}</UniqueIdentifier>
    </Filter>
    <Filter Include="mySource\Camera">
      <UniqueIdentifier>{dfd3f30f-7b48-4da7-a14f-052a8eb6d75a}</UniqueIdentifier>
    </Filter>
    <Filter Include="mySource\Camera\DebugCamera">
      <UniqueIdentifier>{d1231415-a393-41a4-b062-414a7805f7bd}</UniqueIdentifier>
    </Filter>
    <Filter Include="mySource\Camera\MainCamera">
      <UniqueIdentifier>{db439094-418b-4cb1-ab78-41b982cb0bc2}</UniqueIdentifier>
    </Filter>
    <Filter Include="mySource\Log">
      <UniqueIdentifier>{efb89020-66b8-4362-b5a7-dfc3d6bb7843}</UniqueIdentifier>
    </Filter>
    <Filter Include="mySource\function">
      <UniqueIdentifier>{becb17b1-166a-417d-b6ed-149169cb7182}</UniqueIdentifier>
    </Filter>
    <Filter Include="mySource\DX12">
      <UniqueIdentifier>{2cfedf24-bbc2-4594-9b18-91360f8d447d}</UniqueIdentifier>
    </Filter>
  </ItemGroup>
  <ItemGroup>
    <ClCompile Include="main.cpp">
      <Filter>ソース ファイル</Filter>
    </ClCompile>
    <ClCompile Include="externals\imgui\imgui.cpp">
      <Filter>imgui</Filter>
    </ClCompile>
    <ClCompile Include="externals\imgui\imgui_demo.cpp">
      <Filter>imgui</Filter>
    </ClCompile>
    <ClCompile Include="externals\imgui\imgui_draw.cpp">
      <Filter>imgui</Filter>
    </ClCompile>
    <ClCompile Include="externals\imgui\imgui_impl_dx12.cpp">
      <Filter>imgui</Filter>
    </ClCompile>
    <ClCompile Include="externals\imgui\imgui_impl_win32.cpp">
      <Filter>imgui</Filter>
    </ClCompile>
    <ClCompile Include="externals\imgui\imgui_tables.cpp">
      <Filter>imgui</Filter>
    </ClCompile>
    <ClCompile Include="externals\imgui\imgui_widgets.cpp">
      <Filter>imgui</Filter>
    </ClCompile>
    <ClCompile Include="engine\Common\Math\Math.cpp">
      <Filter>mySource\Affine</Filter>
    </ClCompile>
    <ClCompile Include="engine\Graphics\Sound\Sound.cpp">
      <Filter>mySource\Sound</Filter>
    </ClCompile>
    <ClCompile Include="engine\Input\Input.cpp">
      <Filter>mySource\Input</Filter>
    </ClCompile>
    <ClCompile Include="engine\Camera\DebugCamera\DebugCamera.cpp">
      <Filter>mySource\Camera\DebugCamera</Filter>
    </ClCompile>
    <ClCompile Include="engine\Camera\MainCamera\MainCamera.cpp">
      <Filter>mySource\Camera\MainCamera</Filter>
    </ClCompile>
    <ClCompile Include="engine\Common\Log\Log.cpp">
      <Filter>mySource\Log</Filter>
    </ClCompile>
    <ClCompile Include="engine\Common\function\function.cpp">
      <Filter>mySource\function</Filter>
    </ClCompile>
    <ClCompile Include="engine\Window\Window.cpp">
      <Filter>mySource\Window</Filter>
    </ClCompile>
    <ClCompile Include="engine\Graphics\Model3D\Model3D.cpp">
      <Filter>ソース ファイル</Filter>
    </ClCompile>
    <ClCompile Include="engine\Dx12\CommandContext\CommandContext.cpp">
      <Filter>ソース ファイル</Filter>
    </ClCompile>
    <ClCompile Include="engine\Dx12\SwapChain\SwapChain.cpp">
      <Filter>ソース ファイル</Filter>
    </ClCompile>
    <ClCompile Include="engine\Dx12\DescriptorHeap\DescriptorHeap.cpp">
      <Filter>ソース ファイル</Filter>
    </ClCompile>
    <ClCompile Include="engine\Dx12\DepthStencil\DepthStencil.cpp">
      <Filter>ソース ファイル</Filter>
    </ClCompile>
    <ClCompile Include="engine\Graphics\Texture\Texture2D\Texture2D.cpp">
      <Filter>ソース ファイル</Filter>
    </ClCompile>
    <ClCompile Include="engine\Graphics\Texture\TextureManager\TextureManager.cpp">
      <Filter>ソース ファイル</Filter>
    </ClCompile>
    <ClCompile Include="engine\Dx12\Device\Device.cpp">
      <Filter>ソース ファイル</Filter>
    </ClCompile>
    <ClCompile Include="engine\Dx12\GraphicsPipeline\GraphicsPipeline.cpp">
      <Filter>ソース ファイル</Filter>
    </ClCompile>
    <ClCompile Include="engine\Dx12\Dx12Core.cpp">
      <Filter>ソース ファイル</Filter>
    </ClCompile>
    <ClCompile Include="engine\ImGuiManager\ImGuiManager.cpp">
      <Filter>ソース ファイル</Filter>
    </ClCompile>
    <ClCompile Include="Shader\ShaderCompiler\ShaderCompiler.cpp">
      <Filter>ソース ファイル</Filter>
    </ClCompile>
    <ClCompile Include="Scene\TitleScene\TitleScene.cpp">
      <Filter>ソース ファイル</Filter>
    </ClCompile>
    <ClCompile Include="Scene\SelectScene\SelectScene.cpp">
      <Filter>ソース ファイル</Filter>
    </ClCompile>
    <ClCompile Include="Scene\GameScene\GameScene.cpp">
      <Filter>ソース ファイル</Filter>
    </ClCompile>
    <ClCompile Include="Scene\ResultScene\ResultScene.cpp">
      <Filter>ソース ファイル</Filter>
    </ClCompile>
    <ClCompile Include="engine\Graphics\Sphere\Sphere.cpp">
      <Filter>ソース ファイル</Filter>
    </ClCompile>
    <ClCompile Include="engine\Camera\CameraController.cpp">
      <Filter>ソース ファイル</Filter>
    </ClCompile>
    <ClCompile Include="engine\Dx12\PipelineManager.cpp">
      <Filter>ソース ファイル</Filter>
    </ClCompile>
    <ClCompile Include="App\App.cpp">
      <Filter>ソース ファイル</Filter>
    </ClCompile>
    <ClCompile Include="engine\Common\RenderCommon.cpp">
      <Filter>ソース ファイル</Filter>
    </ClCompile>
    <ClCompile Include="engine\Graphics\Sprite2D\Sprite2D.cpp">
      <Filter>ソース ファイル</Filter>
    </ClCompile>
    <ClCompile Include="Scene\Fade\Fade.cpp">
      <Filter>ソース ファイル</Filter>
    </ClCompile>
    <ClCompile Include="Scene\SampleScene\SampleScene.cpp">
      <Filter>ソース ファイル</Filter>
    </ClCompile>
  </ItemGroup>
  <ItemGroup>
    <FxCompile Include="Shader\Object3d.VS.hlsl">
      <Filter>Shader</Filter>
    </FxCompile>
    <FxCompile Include="Shader\Object3d.PS.hlsl">
      <Filter>Shader</Filter>
    </FxCompile>
  </ItemGroup>
  <ItemGroup>
    <ClInclude Include="externals\imgui\imconfig.h">
      <Filter>imgui</Filter>
    </ClInclude>
    <ClInclude Include="externals\imgui\imgui.h">
      <Filter>imgui</Filter>
    </ClInclude>
    <ClInclude Include="externals\imgui\imgui_impl_dx12.h">
      <Filter>imgui</Filter>
    </ClInclude>
    <ClInclude Include="externals\imgui\imgui_impl_win32.h">
      <Filter>imgui</Filter>
    </ClInclude>
    <ClInclude Include="externals\imgui\imgui_internal.h">
      <Filter>imgui</Filter>
    </ClInclude>
    <ClInclude Include="externals\imgui\imstb_rectpack.h">
      <Filter>imgui</Filter>
    </ClInclude>
    <ClInclude Include="externals\imgui\imstb_textedit.h">
      <Filter>imgui</Filter>
    </ClInclude>
    <ClInclude Include="externals\imgui\imstb_truetype.h">
      <Filter>imgui</Filter>
    </ClInclude>
    <ClInclude Include="engine\Common\Math\Math.h">
      <Filter>mySource\Affine</Filter>
    </ClInclude>
    <ClInclude Include="engine\Common\struct.h">
      <Filter>ソース ファイル</Filter>
    </ClInclude>
    <ClInclude Include="engine\Graphics\Sound\Sound.h">
      <Filter>mySource\Sound</Filter>
    </ClInclude>
    <ClInclude Include="engine\Input\Input.h">
      <Filter>mySource\Input</Filter>
    </ClInclude>
    <ClInclude Include="engine\Camera\DebugCamera\DebugCamera.h">
      <Filter>mySource\Camera\DebugCamera</Filter>
    </ClInclude>
    <ClInclude Include="engine\Camera\MainCamera\MainCamera.h">
      <Filter>mySource\Camera\MainCamera</Filter>
    </ClInclude>
    <ClInclude Include="engine\Common\Log\Log.h">
      <Filter>mySource\Log</Filter>
    </ClInclude>
    <ClInclude Include="engine\Common\function\function.h">
      <Filter>mySource\function</Filter>
    </ClInclude>
    <ClInclude Include="engine\Window\Window.h">
      <Filter>mySource\Window</Filter>
    </ClInclude>
    <ClInclude Include="engine\Graphics\Model3D\Model3D.h">
      <Filter>ヘッダー ファイル</Filter>
    </ClInclude>
    <ClInclude Include="engine\Dx12\CommandContext\CommandContext.h">
      <Filter>ヘッダー ファイル</Filter>
    </ClInclude>
    <ClInclude Include="engine\Dx12\SwapChain\SwapChain.h">
      <Filter>ヘッダー ファイル</Filter>
    </ClInclude>
    <ClInclude Include="engine\Dx12\DescriptorHeap\DescriptorHeap.h">
      <Filter>ヘッダー ファイル</Filter>
    </ClInclude>
    <ClInclude Include="engine\Dx12\DescriptorHeap\DescriptorHelpers.h">
      <Filter>ヘッダー ファイル</Filter>
    </ClInclude>
    <ClInclude Include="engine\Dx12\DepthStencil\DepthStencil.h">
      <Filter>ヘッダー ファイル</Filter>
    </ClInclude>
    <ClInclude Include="engine\Graphics\Texture\Texture2D\Texture2D.h">
      <Filter>ヘッダー ファイル</Filter>
    </ClInclude>
    <ClInclude Include="engine\Graphics\Texture\TextureManager\TextureManager.h">
      <Filter>ヘッダー ファイル</Filter>
    </ClInclude>
    <ClInclude Include="engine\Dx12\Device\Device.h">
      <Filter>ヘッダー ファイル</Filter>
    </ClInclude>
    <ClInclude Include="engine\Dx12\GraphicsPipeline\GraphicsPipeline.h">
      <Filter>ヘッダー ファイル</Filter>
    </ClInclude>
    <ClInclude Include="engine\Dx12\Dx12Core.h">
      <Filter>ヘッダー ファイル</Filter>
    </ClInclude>
    <ClInclude Include="engine\ImGuiManager\ImGuiManager.h">
      <Filter>ヘッダー ファイル</Filter>
    </ClInclude>
    <ClInclude Include="Shader\ShaderCompiler\ShaderCompiler.h">
      <Filter>ヘッダー ファイル</Filter>
    </ClInclude>
    <ClInclude Include="App\AppConfig.h">
      <Filter>ヘッダー ファイル</Filter>
    </ClInclude>
    <ClInclude Include="Scene\Scene.h">
      <Filter>ヘッダー ファイル</Filter>
    </ClInclude>
    <ClInclude Include="Scene\SceneManager.h">
      <Filter>ヘッダー ファイル</Filter>
    </ClInclude>
    <ClInclude Include="Scene\TitleScene\TitleScene.h">
      <Filter>ヘッダー ファイル</Filter>
    </ClInclude>
    <ClInclude Include="Scene\SelectScene\SelectScene.h">
      <Filter>ヘッダー ファイル</Filter>
    </ClInclude>
    <ClInclude Include="Scene\GameScene\GameScene.h">
      <Filter>ヘッダー ファイル</Filter>
    </ClInclude>
    <ClInclude Include="Scene\ResultScene\ResultScene.h">
      <Filter>ヘッダー ファイル</Filter>
    </ClInclude>
    <ClInclude Include="engine\Graphics\Sphere\Sphere.h">
      <Filter>ヘッダー ファイル</Filter>
    </ClInclude>
    <ClInclude Include="engine\Camera\CameraController.h">
      <Filter>ヘッダー ファイル</Filter>
    </ClInclude>
    <ClInclude Include="engine\Common\Math\MathTypes.h">
      <Filter>ヘッダー ファイル</Filter>
    </ClInclude>
    <ClInclude Include="engine\Dx12\PipelineManager.h">
      <Filter>ヘッダー ファイル</Filter>
    </ClInclude>
    <ClInclude Include="App\App.h">
      <Filter>ヘッダー ファイル</Filter>
    </ClInclude>
    <ClInclude Include="engine\Common\RenderCommon.h">
      <Filter>ヘッダー ファイル</Filter>
    </ClInclude>
    <ClInclude Include="engine\Graphics\Sprite2D\Sprite2D.h">
      <Filter>ヘッダー ファイル</Filter>
    </ClInclude>
    <ClInclude Include="Scene\Fade\Fade.h">
      <Filter>ヘッダー ファイル</Filter>
    </ClInclude>
    <ClInclude Include="Scene\SampleScene\SampleScene.h">
      <Filter>ヘッダー ファイル</Filter>
    </ClInclude>
  </ItemGroup>
  <ItemGroup>
    <Text Include="externals\imgui\LICENSE.txt">
      <Filter>imgui</Filter>
    </Text>
  </ItemGroup>
  <ItemGroup>
    <None Include="Shader\Object3d.hlsli">
      <Filter>Shader</Filter>
    </None>
  </ItemGroup>
</Project>