<?xml version="1.0" encoding="utf-8"?>
<Project ToolsVersion="4.0" xmlns="http://schemas.microsoft.com/developer/msbuild/2003">
  <ItemGroup>
    <FxCompile Include="Resources\Shader\Object3d.PS.hlsl">
      <Filter>Shader</Filter>
    </FxCompile>
    <FxCompile Include="Resources\Shader\Object3d.VS.hlsl">
      <Filter>Shader</Filter>
    </FxCompile>
    <FxCompile Include="Resources\Shader\Sprite.VS.hlsl">
      <Filter>Shader</Filter>
    </FxCompile>
    <FxCompile Include="Resources\Shader\Sprite.PS.hlsl">
      <Filter>Shader</Filter>
    </FxCompile>
  </ItemGroup>
  <ItemGroup>
    <ClCompile Include="main.cpp" />
    <ClCompile Include="App\App.cpp">
      <Filter>App</Filter>
    </ClCompile>
    <ClCompile Include="engine\Camera\CameraController.cpp">
      <Filter>engine\Camera</Filter>
    </ClCompile>
    <ClCompile Include="engine\Dx12\CommandContext\CommandContext.cpp">
      <Filter>engine\Dx12</Filter>
    </ClCompile>
    <ClCompile Include="engine\Camera\DebugCamera\DebugCamera.cpp">
      <Filter>engine\Camera</Filter>
    </ClCompile>
    <ClCompile Include="engine\Dx12\DepthStencil\DepthStencil.cpp">
      <Filter>engine\Dx12</Filter>
    </ClCompile>
    <ClCompile Include="engine\Dx12\DescriptorHeap\DescriptorHeap.cpp">
      <Filter>engine\Dx12</Filter>
    </ClCompile>
    <ClCompile Include="engine\Dx12\Device\Device.cpp">
      <Filter>engine\Dx12</Filter>
    </ClCompile>
    <ClCompile Include="engine\Dx12\Dx12Core.cpp">
      <Filter>engine\Dx12</Filter>
    </ClCompile>
    <ClCompile Include="engine\Dx12\FixFps\FixFps.cpp">
      <Filter>engine\Dx12</Filter>
    </ClCompile>
    <ClCompile Include="Game\Scene\GameOverScene\GameOverScene.cpp">
      <Filter>Scene</Filter>
    </ClCompile>
    <ClCompile Include="Game\Scene\GameScene\GameScene.cpp">
      <Filter>Scene</Filter>
    </ClCompile>
    <ClCompile Include="Game\Scene\Fade\Fade.cpp">
      <Filter>Scene</Filter>
    </ClCompile>
    <ClCompile Include="engine\Dx12\GraphicsPipeline\GraphicsPipeline.cpp">
      <Filter>engine\Dx12</Filter>
    </ClCompile>
    <ClCompile Include="externals\imgui\imgui.cpp">
      <Filter>externals\imgui</Filter>
    </ClCompile>
    <ClCompile Include="externals\imgui\imgui_demo.cpp">
      <Filter>externals\imgui</Filter>
    </ClCompile>
    <ClCompile Include="externals\imgui\imgui_draw.cpp">
      <Filter>externals\imgui</Filter>
    </ClCompile>
    <ClCompile Include="externals\imgui\imgui_impl_dx12.cpp">
      <Filter>externals\imgui</Filter>
    </ClCompile>
    <ClCompile Include="externals\imgui\imgui_impl_win32.cpp">
      <Filter>externals\imgui</Filter>
    </ClCompile>
    <ClCompile Include="externals\imgui\imgui_tables.cpp">
      <Filter>externals\imgui</Filter>
    </ClCompile>
    <ClCompile Include="externals\imgui\imgui_widgets.cpp">
      <Filter>externals\imgui</Filter>
    </ClCompile>
    <ClCompile Include="engine\ImGuiManager\ImGuiManager.cpp">
      <Filter>engine\imgui</Filter>
    </ClCompile>
    <ClCompile Include="engine\Input\Input.cpp">
      <Filter>engine\input</Filter>
    </ClCompile>
    <ClCompile Include="engine\Camera\MainCamera\MainCamera.cpp">
      <Filter>engine\Camera</Filter>
    </ClCompile>
    <ClCompile Include="engine\Common\Log\Log.cpp">
      <Filter>engine\Common\Log</Filter>
    </ClCompile>
    <ClCompile Include="engine\Common\Math\Math.cpp">
      <Filter>engine\Common\Math</Filter>
    </ClCompile>
    <ClCompile Include="engine\Graphics\Model3D\Model3D.cpp">
      <Filter>engine\Graphics\Model3D</Filter>
    </ClCompile>
    <ClCompile Include="engine\Dx12\PipelineManager.cpp">
      <Filter>engine\Dx12</Filter>
    </ClCompile>
    <ClCompile Include="engine\Common\RenderCommon.cpp">
      <Filter>engine\Common</Filter>
    </ClCompile>
    <ClCompile Include="Game\Scene\ResultScene\ResultScene.cpp">
      <Filter>Scene</Filter>
    </ClCompile>
    <ClCompile Include="Game\Scene\SampleScene\SampleScene.cpp">
      <Filter>Scene</Filter>
    </ClCompile>
    <ClCompile Include="Game\Scene\SelectScene\SelectScene.cpp">
      <Filter>Scene</Filter>
    </ClCompile>
    <ClCompile Include="Resources\Shader\ShaderCompiler\ShaderCompiler.cpp">
      <Filter>Shader</Filter>
    </ClCompile>
    <ClCompile Include="engine\Graphics\Sound\Sound.cpp">
      <Filter>engine\Sound</Filter>
    </ClCompile>
    <ClCompile Include="Game\Scene\TitleScene\TitleScene.cpp">
      <Filter>engine\Dx12</Filter>
    </ClCompile>
    <ClCompile Include="engine\Dx12\SwapChain\SwapChain.cpp">
      <Filter>engine\Dx12</Filter>
    </ClCompile>
    <ClCompile Include="engine\Graphics\Sphere\Sphere.cpp">
      <Filter>engine\Graphics\Sphere</Filter>
    </ClCompile>
    <ClCompile Include="engine\Graphics\Sprite2D\Sprite2D.cpp">
      <Filter>engine\Graphics\Sprite2D</Filter>
    </ClCompile>
    <ClCompile Include="engine\Graphics\Texture\Texture2D\Texture2D.cpp">
      <Filter>engine\Graphics\Texture</Filter>
    </ClCompile>
    <ClCompile Include="engine\Graphics\Texture\TextureManager\TextureManager.cpp">
      <Filter>engine\Graphics\Texture</Filter>
    </ClCompile>
    <ClCompile Include="engine\Window\Window.cpp">
      <Filter>engine\Window</Filter>
    </ClCompile>
    <ClCompile Include="MapChipField\MapChipField.cpp">
      <Filter>MapChipField</Filter>
    </ClCompile>
    <ClCompile Include="Player\Player.cpp">
      <Filter>Player</Filter>
    </ClCompile>
    <ClCompile Include="Game\Game.cpp" />
    <ClCompile Include="engine\Graphics\Light\Light.cpp" />
  </ItemGroup>
  <ItemGroup>
    <ClInclude Include="App\AppConfig.h">
      <Filter>App</Filter>
    </ClInclude>
    <ClInclude Include="App\App.h">
      <Filter>App</Filter>
    </ClInclude>
    <ClInclude Include="engine\Camera\CameraController.h">
      <Filter>engine\Camera</Filter>
    </ClInclude>
    <ClInclude Include="engine\Graphics\Sound\BgmManager.h">
      <Filter>engine\Sound</Filter>
    </ClInclude>
    <ClInclude Include="engine\Dx12\CommandContext\CommandContext.h">
      <Filter>engine\Dx12</Filter>
    </ClInclude>
    <ClInclude Include="engine\Camera\DebugCamera\DebugCamera.h">
      <Filter>engine\Camera</Filter>
    </ClInclude>
    <ClInclude Include="engine\Dx12\DepthStencil\DepthStencil.h">
      <Filter>engine\Dx12</Filter>
    </ClInclude>
    <ClInclude Include="engine\Dx12\DescriptorHeap\DescriptorHeap.h">
      <Filter>engine\Dx12</Filter>
    </ClInclude>
    <ClInclude Include="engine\Dx12\DescriptorHeap\DescriptorHelpers.h">
      <Filter>engine\Dx12</Filter>
    </ClInclude>
    <ClInclude Include="engine\Dx12\Device\Device.h">
      <Filter>engine\Dx12</Filter>
    </ClInclude>
    <ClInclude Include="engine\Dx12\Dx12Core.h">
      <Filter>engine\Dx12</Filter>
    </ClInclude>
    <ClInclude Include="engine\Dx12\FixFps\FixFps.h">
      <Filter>engine\Dx12</Filter>
    </ClInclude>
    <ClInclude Include="Game\Scene\GameOverScene\GameOverScene.h">
      <Filter>Scene</Filter>
    </ClInclude>
    <ClInclude Include="Game\Scene\GameScene\GameScene.h">
      <Filter>Scene</Filter>
    </ClInclude>
    <ClInclude Include="Game\Scene\Fade\Fade.h">
      <Filter>engine\Dx12</Filter>
    </ClInclude>
    <ClInclude Include="engine\Dx12\GraphicsPipeline\GraphicsPipeline.h">
      <Filter>engine\Dx12</Filter>
    </ClInclude>
    <ClInclude Include="externals\imgui\imconfig.h">
      <Filter>externals\imgui</Filter>
    </ClInclude>
    <ClInclude Include="externals\imgui\imgui.h">
      <Filter>externals\imgui</Filter>
    </ClInclude>
    <ClInclude Include="externals\imgui\imgui_impl_dx12.h">
      <Filter>externals\imgui</Filter>
    </ClInclude>
    <ClInclude Include="externals\imgui\imgui_impl_win32.h">
      <Filter>externals\imgui</Filter>
    </ClInclude>
    <ClInclude Include="externals\imgui\imgui_internal.h">
      <Filter>externals\imgui</Filter>
    </ClInclude>
    <ClInclude Include="engine\ImGuiManager\ImGuiManager.h">
      <Filter>externals\imgui</Filter>
    </ClInclude>
    <ClInclude Include="externals\imgui\imstb_rectpack.h">
      <Filter>externals\imgui</Filter>
    </ClInclude>
    <ClInclude Include="externals\imgui\imstb_textedit.h">
      <Filter>externals\imgui</Filter>
    </ClInclude>
    <ClInclude Include="externals\imgui\imstb_truetype.h">
      <Filter>externals\imgui</Filter>
    </ClInclude>
    <ClInclude Include="engine\Input\Input.h">
      <Filter>engine\input</Filter>
    </ClInclude>
    <ClInclude Include="engine\Common\function\function.h">
      <Filter>engine\Common</Filter>
    </ClInclude>
    <ClInclude Include="engine\Camera\MainCamera\MainCamera.h">
      <Filter>engine\Camera</Filter>
    </ClInclude>
    <ClInclude Include="engine\Common\Log\Log.h">
      <Filter>engine\Common\Log</Filter>
    </ClInclude>
    <ClInclude Include="engine\Common\Math\Math.h">
      <Filter>engine\Common\Math</Filter>
    </ClInclude>
    <ClInclude Include="engine\Common\Math\MathTypes.h">
      <Filter>engine\Common\Math</Filter>
    </ClInclude>
    <ClInclude Include="engine\Graphics\Model3D\Model3D.h">
      <Filter>engine\Graphics\Model3D</Filter>
    </ClInclude>
    <ClInclude Include="engine\Dx12\PipelineManager.h">
      <Filter>engine\Dx12</Filter>
    </ClInclude>
    <ClInclude Include="engine\RC.h">
      <Filter>engine\Common</Filter>
    </ClInclude>
    <ClInclude Include="engine\Common\RenderCommon.h">
      <Filter>engine\Common</Filter>
    </ClInclude>
    <ClInclude Include="Game\Scene\ResultScene\ResultScene.h">
      <Filter>Scene</Filter>
    </ClInclude>
    <ClInclude Include="Game\Scene\SampleScene\SampleScene.h">
      <Filter>Scene</Filter>
    </ClInclude>
    <ClInclude Include="Game\Scene\Scene.h">
      <Filter>Scene</Filter>
    </ClInclude>
    <ClInclude Include="Game\Scene\SceneManager.h">
      <Filter>Scene</Filter>
    </ClInclude>
    <ClInclude Include="Game\Scene\SelectScene\SelectScene.h">
      <Filter>Scene</Filter>
    </ClInclude>
    <ClInclude Include="Resources\Shader\ShaderCompiler\ShaderCompiler.h">
      <Filter>Shader</Filter>
    </ClInclude>
    <ClInclude Include="engine\Graphics\Sound\SeManager.h">
      <Filter>engine\Sound</Filter>
    </ClInclude>
    <ClInclude Include="engine\Graphics\Sound\Sound.h">
      <Filter>engine\Sound</Filter>
    </ClInclude>
    <ClInclude Include="Game\Scene\TitleScene\TitleScene.h">
      <Filter>engine\Dx12</Filter>
    </ClInclude>
    <ClInclude Include="engine\Common\struct.h">
      <Filter>engine\Common</Filter>
    </ClInclude>
    <ClInclude Include="engine\Dx12\SwapChain\SwapChain.h">
      <Filter>engine\Dx12</Filter>
    </ClInclude>
    <ClInclude Include="engine\Graphics\Sphere\Sphere.h">
      <Filter>engine\Graphics\Sphere</Filter>
    </ClInclude>
    <ClInclude Include="engine\Graphics\Sprite2D\Sprite2D.h">
      <Filter>engine\Graphics\Sprite2D</Filter>
    </ClInclude>
    <ClInclude Include="engine\Graphics\Texture\Texture2D\Texture2D.h">
      <Filter>engine\Graphics\Texture</Filter>
    </ClInclude>
    <ClInclude Include="engine\Graphics\Texture\TextureManager\TextureManager.h">
      <Filter>engine\Graphics\Texture</Filter>
    </ClInclude>
    <ClInclude Include="engine\Window\Window.h">
      <Filter>engine\Window</Filter>
    </ClInclude>
    <ClInclude Include="MapChipField\MapChipField.h">
      <Filter>MapChipField</Filter>
    </ClInclude>
    <ClInclude Include="Player\Player.h">
      <Filter>Player</Filter>
    </ClInclude>
    <ClInclude Include="Game\Game.h" />
    <ClInclude Include="engine\Graphics\Light\Light.h" />
  </ItemGroup>
  <ItemGroup>
    <Filter Include="App">
      <UniqueIdentifier>{0cf84d6b-0b2c-43b3-9f7d-ff63526ec2f6}</UniqueIdentifier>
    </Filter>
    <Filter Include="Scene">
      <UniqueIdentifier>{7d99d3b9-87bf-4ee6-833c-96c570f496db}</UniqueIdentifier>
    </Filter>
    <Filter Include="externals">
      <UniqueIdentifier>{d163076e-331b-42dc-963c-9ff8f1ac46c1}</UniqueIdentifier>
    </Filter>
    <Filter Include="externals\imgui">
      <UniqueIdentifier>{50e9f36f-e31a-44a8-9f8b-70c18fb2c65a}</UniqueIdentifier>
    </Filter>
    <Filter Include="engine">
      <UniqueIdentifier>{dd870494-9b47-44f9-aad5-a158fd6c3abb}</UniqueIdentifier>
    </Filter>
    <Filter Include="engine\Dx12">
      <UniqueIdentifier>{affdcba9-a712-4b64-bbe7-12301edc6da1}</UniqueIdentifier>
    </Filter>
    <Filter Include="engine\Camera">
      <UniqueIdentifier>{0aca90df-26b4-49b9-952f-5ddfea1cd7a2}</UniqueIdentifier>
    </Filter>
    <Filter Include="engine\Sound">
      <UniqueIdentifier>{ef8e76c5-12c3-4162-8063-5ee23067cec2}</UniqueIdentifier>
    </Filter>
    <Filter Include="engine\imgui">
      <UniqueIdentifier>{7fdd283f-348f-41cd-847c-3a5a79d089ca}</UniqueIdentifier>
    </Filter>
    <Filter Include="engine\input">
      <UniqueIdentifier>{dcc2c952-ab67-4f02-b0ab-8ed293e24e1a}</UniqueIdentifier>
    </Filter>
    <Filter Include="engine\Common">
      <UniqueIdentifier>{82fa2dbe-7543-462a-9c42-f5620eaff245}</UniqueIdentifier>
    </Filter>
    <Filter Include="engine\Common\Log">
      <UniqueIdentifier>{00c00e93-936d-4f03-bc6a-12b26a3c610b}</UniqueIdentifier>
    </Filter>
    <Filter Include="engine\Common\Math">
      <UniqueIdentifier>{f2d1be47-5858-4ac8-9778-96e7684dc569}</UniqueIdentifier>
    </Filter>
    <Filter Include="engine\Graphics">
      <UniqueIdentifier>{bdf67d2c-8d8f-423f-ac0e-171644af17f6}</UniqueIdentifier>
    </Filter>
    <Filter Include="engine\Graphics\Model3D">
      <UniqueIdentifier>{27c47a69-4b32-47d4-84f6-e4f8ac727d59}</UniqueIdentifier>
    </Filter>
    <Filter Include="Shader">
      <UniqueIdentifier>{c08215bf-4aa4-4ff4-9c67-dfffa3656a9a}</UniqueIdentifier>
    </Filter>
    <Filter Include="engine\Graphics\Sphere">
      <UniqueIdentifier>{73d7b744-4d00-4f6c-a389-bc9087f47146}</UniqueIdentifier>
    </Filter>
    <Filter Include="engine\Graphics\Sprite2D">
      <UniqueIdentifier>{28612eb6-8eb8-43f3-bfa3-fb1f4d9146dd}</UniqueIdentifier>
    </Filter>
    <Filter Include="engine\Graphics\Texture">
      <UniqueIdentifier>{6a421097-e1c8-4751-9fcf-da5d5a064d89}</UniqueIdentifier>
    </Filter>
    <Filter Include="engine\Window">
      <UniqueIdentifier>{14c0e140-acdc-43ef-a3be-8758347bc3d6}</UniqueIdentifier>
    </Filter>
    <Filter Include="MapChipField">
      <UniqueIdentifier>{ee488b19-affe-4d1a-9744-f19f668b22a6}</UniqueIdentifier>
    </Filter>
    <Filter Include="Player">
      <UniqueIdentifier>{d0b9c6d0-404d-479b-9627-301cfa71b4a4}</UniqueIdentifier>
    </Filter>
  </ItemGroup>
  <ItemGroup>
    <Text Include="externals\imgui\LICENSE.txt">
      <Filter>externals\imgui</Filter>
    </Text>
  </ItemGroup>
  <ItemGroup>
    <None Include="Resources\Shader\Object3d.hlsli">
      <Filter>Shader</Filter>
    </None>
  </ItemGroup>
</Project>