
Microsoft Visual Studio Solution File, Format Version 12.00
# Visual Studio Version 17
VisualStudioVersion = 17.13.35931.197
MinimumVisualStudioVersion = 10.0.40219.1
Project("{8BC9CEB8-8B4A-11D0-8D11-00A0C91BC942}") = "ChasoApp", "Application\ChasoApp.vcxproj", "{B2C3D4E5-F6A7-8901-BCDE-F12345678901}"
	ProjectSection(ProjectDependencies) = postProject
		{A1B2C3D4-E5F6-7890-ABCD-EF1234567890} = {A1B2C3D4-E5F6-7890-ABCD-EF1234567890}
	EndProjectSection
EndProject
Project("{8BC9CEB8-8B4A-11D0-8D11-00A0C91BC942}") = "ChasoEngine", "Engine\ChasoEngine.vcxproj", "{A1B2C3D4-E5F6-7890-ABCD-EF1234567890}"
	ProjectSection(ProjectDependencies) = postProject
		{371B9FA9-4C90-4AC6-A123-ACED756D6C77} = {371B9FA9-4C90-4AC6-A123-ACED756D6C77}
		{CD815B9C-90B1-4125-ABA7-7246E7561FEA} = {CD815B9C-90B1-4125-ABA7-7246E7561FEA}
	EndProjectSection
EndProject
Project("{2150E333-8FDC-42A3-9474-1A3956D46DE8}") = "ソリューション項目", "ソリューション項目", "{2022CB0F-8BAF-F49E-0C48-8EF4C96EC109}"
	ProjectSection(SolutionItems) = preProject
		.editorconfig = .editorconfig
	EndProjectSection
EndProject
Project("{8BC9CEB8-8B4A-11D0-8D11-00A0C91BC942}") = "DirectXTex", "Externals\DirectXTex\DirectXTex_Desktop_2022_Win10.vcxproj", "{371B9FA9-4C90-4AC6-A123-ACED756D6C77}"
EndProject
Project("{8BC9CEB8-8B4A-11D0-8D11-00A0C91BC942}") = "Imgui", "Externals\imgui\Imgui.vcxproj", "{CD815B9C-90B1-4125-ABA7-7246E7561FEA}"
EndProject
Global
	GlobalSection(SolutionConfigurationPlatforms) = preSolution
		Debug|x64 = Debug|x64
		Development|x64 = Development|x64
		Release|x64 = Release|x64
	EndGlobalSection
	GlobalSection(ProjectConfigurationPlatforms) = postSolution
		{B2C3D4E5-F6A7-8901-BCDE-F12345678901}.Debug|x64.ActiveCfg = Debug|x64
		{B2C3D4E5-F6A7-8901-BCDE-F12345678901}.Debug|x64.Build.0 = Debug|x64
		{B2C3D4E5-F6A7-8901-BCDE-F12345678901}.Development|x64.ActiveCfg = Development|x64
		{B2C3D4E5-F6A7-8901-BCDE-F12345678901}.Development|x64.Build.0 = Development|x64
		{B2C3D4E5-F6A7-8901-BCDE-F12345678901}.Release|x64.ActiveCfg = Release|x64
		{B2C3D4E5-F6A7-8901-BCDE-F12345678901}.Release|x64.Build.0 = Release|x64
		{A1B2C3D4-E5F6-7890-ABCD-EF1234567890}.Debug|x64.ActiveCfg = Debug|x64
		{A1B2C3D4-E5F6-7890-ABCD-EF1234567890}.Debug|x64.Build.0 = Debug|x64
		{A1B2C3D4-E5F6-7890-ABCD-EF1234567890}.Development|x64.ActiveCfg = Development|x64
		{A1B2C3D4-E5F6-7890-ABCD-EF1234567890}.Development|x64.Build.0 = Development|x64
		{A1B2C3D4-E5F6-7890-ABCD-EF1234567890}.Release|x64.ActiveCfg = Release|x64
		{A1B2C3D4-E5F6-7890-ABCD-EF1234567890}.Release|x64.Build.0 = Release|x64
		{371B9FA9-4C90-4AC6-A123-ACED756D6C77}.Debug|x64.ActiveCfg = Debug|x64
		{371B9FA9-4C90-4AC6-A123-ACED756D6C77}.Debug|x64.Build.0 = Debug|x64
		{371B9FA9-4C90-4AC6-A123-ACED756D6C77}.Development|x64.ActiveCfg = Development|x64
		{371B9FA9-4C90-4AC6-A123-ACED756D6C77}.Development|x64.Build.0 = Development|x64
		{371B9FA9-4C90-4AC6-A123-ACED756D6C77}.Release|x64.ActiveCfg = Release|x64
		{371B9FA9-4C90-4AC6-A123-ACED756D6C77}.Release|x64.Build.0 = Release|x64
		{CD815B9C-90B1-4125-ABA7-7246E7561FEA}.Debug|x64.ActiveCfg = Debug|x64
		{CD815B9C-90B1-4125-ABA7-7246E7561FEA}.Debug|x64.Build.0 = Debug|x64
		{CD815B9C-90B1-4125-ABA7-7246E7561FEA}.Development|x64.ActiveCfg = Development|x64
		{CD815B9C-90B1-4125-ABA7-7246E7561FEA}.Development|x64.Build.0 = Development|x64
		{CD815B9C-90B1-4125-ABA7-7246E7561FEA}.Release|x64.ActiveCfg = Release|x64
		{CD815B9C-90B1-4125-ABA7-7246E7561FEA}.Release|x64.Build.0 = Release|x64
	EndGlobalSection
	GlobalSection(SolutionProperties) = preSolution
		HideSolutionNode = FALSE
	EndGlobalSection
	GlobalSection(ExtensibilityGlobals) = postSolution
		SolutionGuid = {CBBEB162-98C9-4027-9AA8-6FBC3826CCE6}
	EndGlobalSection
EndGlobal
